
Microsoft Visual Studio Solution File, Format Version 12.00
# Visual Studio Version 17
VisualStudioVersion = 17.5.002.0
MinimumVisualStudioVersion = 10.0.40219.1
Project("{9A19103F-16F7-4668-BE54-9A1E7A4F7556}") = "Webapp", "Webapp.csproj", "{EE68F4D2-04A3-433D-AA0A-FB11C883C260}"
EndProject
Global
	GlobalSection(SolutionConfigurationPlatforms) = preSolution
		Debug|Any CPU = Debug|Any CPU
		Release|Any CPU = Release|Any CPU
	EndGlobalSection
	GlobalSection(ProjectConfigurationPlatforms) = postSolution
		{EE68F4D2-04A3-433D-AA0A-FB11C883C260}.Debug|Any CPU.ActiveCfg = Debug|Any CPU
		{EE68F4D2-04A3-433D-AA0A-FB11C883C260}.Debug|Any CPU.Build.0 = Debug|Any CPU
		{EE68F4D2-04A3-433D-AA0A-FB11C883C260}.Release|Any CPU.ActiveCfg = Release|Any CPU
		{EE68F4D2-04A3-433D-AA0A-FB11C883C260}.Release|Any CPU.Build.0 = Release|Any CPU
	EndGlobalSection
	GlobalSection(SolutionProperties) = preSolution
		HideSolutionNode = FALSE
	EndGlobalSection
	GlobalSection(ExtensibilityGlobals) = postSolution
		SolutionGuid = {5C4EC407-C711-4454-91EB-ED5788D4DC0D}
	EndGlobalSection
EndGlobal
